
Microsoft Visual Studio Solution File, Format Version 12.00
# Visual Studio Version 16
VisualStudioVersion = 16.0.30907.101
MinimumVisualStudioVersion = 10.0.40219.1
Project("{F184B08F-C81C-45F6-A57F-5ABD9991F28F}") = "SteamLink PC2PC", "SteamLink PC2PC.vbproj", "{50EFD6D5-8319-4EAC-BEF4-137B3C6A63AD}"
EndProject
Global
	GlobalSection(SolutionConfigurationPlatforms) = preSolution
		Debug|Any CPU = Debug|Any CPU
		Release|Any CPU = Release|Any CPU
	EndGlobalSection
	GlobalSection(ProjectConfigurationPlatforms) = postSolution
		{50EFD6D5-8319-4EAC-BEF4-137B3C6A63AD}.Debug|Any CPU.ActiveCfg = Debug|Any CPU
		{50EFD6D5-8319-4EAC-BEF4-137B3C6A63AD}.Debug|Any CPU.Build.0 = Debug|Any CPU
		{50EFD6D5-8319-4EAC-BEF4-137B3C6A63AD}.Release|Any CPU.ActiveCfg = Release|Any CPU
		{50EFD6D5-8319-4EAC-BEF4-137B3C6A63AD}.Release|Any CPU.Build.0 = Release|Any CPU
	EndGlobalSection
	GlobalSection(SolutionProperties) = preSolution
		HideSolutionNode = FALSE
	EndGlobalSection
	GlobalSection(ExtensibilityGlobals) = postSolution
		SolutionGuid = {89CD799B-64D7-4EB1-B6B7-81897C8C6D25}
	EndGlobalSection
EndGlobal
